// !$*UTF8*$!
{
	archiveVersion = 1;
	classes = {
	};
	objectVersion = 48;
	objects = {

/* Begin PBXBuildFile section */
		233F71C81FB946CE00CA42C2 /* AppDelegate.swift in Sources */ = {isa = PBXBuildFile; fileRef = 233F71C71FB946CE00CA42C2 /* AppDelegate.swift */; };
		233F71CA1FB946CE00CA42C2 /* ViewController.swift in Sources */ = {isa = PBXBuildFile; fileRef = 233F71C91FB946CE00CA42C2 /* ViewController.swift */; };
		233F71CD1FB946CE00CA42C2 /* Main.storyboard in Resources */ = {isa = PBXBuildFile; fileRef = 233F71CB1FB946CE00CA42C2 /* Main.storyboard */; };
		233F71CF1FB946CE00CA42C2 /* Assets.xcassets in Resources */ = {isa = PBXBuildFile; fileRef = 233F71CE1FB946CE00CA42C2 /* Assets.xcassets */; };
		233F71D21FB946CE00CA42C2 /* LaunchScreen.storyboard in Resources */ = {isa = PBXBuildFile; fileRef = 233F71D01FB946CE00CA42C2 /* LaunchScreen.storyboard */; };
		233F71DA1FB949BC00CA42C2 /* Game.swift in Sources */ = {isa = PBXBuildFile; fileRef = 233F71D91FB949BC00CA42C2 /* Game.swift */; };
		233F71DC1FB94A0D00CA42C2 /* Appearance.swift in Sources */ = {isa = PBXBuildFile; fileRef = 233F71DB1FB94A0D00CA42C2 /* Appearance.swift */; };
		233F71DE1FB94A3B00CA42C2 /* Board.swift in Sources */ = {isa = PBXBuildFile; fileRef = 233F71DD1FB94A3B00CA42C2 /* Board.swift */; };
		233F71E01FB94A4A00CA42C2 /* Tile.swift in Sources */ = {isa = PBXBuildFile; fileRef = 233F71DF1FB94A4A00CA42C2 /* Tile.swift */; };
		233F71E21FB94A5B00CA42C2 /* Accessory.swift in Sources */ = {isa = PBXBuildFile; fileRef = 233F71E11FB94A5B00CA42C2 /* Accessory.swift */; };
		233F71E41FB94A9C00CA42C2 /* GameModel.swift in Sources */ = {isa = PBXBuildFile; fileRef = 233F71E31FB94A9C00CA42C2 /* GameModel.swift */; };
		233F71E61FB94AAE00CA42C2 /* AuxModel.swift in Sources */ = {isa = PBXBuildFile; fileRef = 233F71E51FB94AAD00CA42C2 /* AuxModel.swift */; };
/* End PBXBuildFile section */

/* Begin PBXFileReference section */
		233F71C41FB946CE00CA42C2 /* Santa2048IOS.app */ = {isa = PBXFileReference; explicitFileType = wrapper.application; includeInIndex = 0; path = Santa2048IOS.app; sourceTree = BUILT_PRODUCTS_DIR; };
		233F71C71FB946CE00CA42C2 /* AppDelegate.swift */ = {isa = PBXFileReference; lastKnownFileType = sourcecode.swift; path = AppDelegate.swift; sourceTree = "<group>"; };
		233F71C91FB946CE00CA42C2 /* ViewController.swift */ = {isa = PBXFileReference; lastKnownFileType = sourcecode.swift; path = ViewController.swift; sourceTree = "<group>"; };
		233F71CC1FB946CE00CA42C2 /* Base */ = {isa = PBXFileReference; lastKnownFileType = file.storyboard; name = Base; path = Base.lproj/Main.storyboard; sourceTree = "<group>"; };
		233F71CE1FB946CE00CA42C2 /* Assets.xcassets */ = {isa = PBXFileReference; lastKnownFileType = folder.assetcatalog; path = Assets.xcassets; sourceTree = "<group>"; };
		233F71D11FB946CE00CA42C2 /* Base */ = {isa = PBXFileReference; lastKnownFileType = file.storyboard; name = Base; path = Base.lproj/LaunchScreen.storyboard; sourceTree = "<group>"; };
		233F71D31FB946CE00CA42C2 /* Info.plist */ = {isa = PBXFileReference; lastKnownFileType = text.plist.xml; path = Info.plist; sourceTree = "<group>"; };
		233F71D91FB949BC00CA42C2 /* Game.swift */ = {isa = PBXFileReference; lastKnownFileType = sourcecode.swift; path = Game.swift; sourceTree = "<group>"; };
		233F71DB1FB94A0D00CA42C2 /* Appearance.swift */ = {isa = PBXFileReference; lastKnownFileType = sourcecode.swift; path = Appearance.swift; sourceTree = "<group>"; };
		233F71DD1FB94A3B00CA42C2 /* Board.swift */ = {isa = PBXFileReference; lastKnownFileType = sourcecode.swift; path = Board.swift; sourceTree = "<group>"; };
		233F71DF1FB94A4A00CA42C2 /* Tile.swift */ = {isa = PBXFileReference; lastKnownFileType = sourcecode.swift; path = Tile.swift; sourceTree = "<group>"; };
		233F71E11FB94A5B00CA42C2 /* Accessory.swift */ = {isa = PBXFileReference; lastKnownFileType = sourcecode.swift; path = Accessory.swift; sourceTree = "<group>"; };
		233F71E31FB94A9C00CA42C2 /* GameModel.swift */ = {isa = PBXFileReference; lastKnownFileType = sourcecode.swift; path = GameModel.swift; sourceTree = "<group>"; };
		233F71E51FB94AAD00CA42C2 /* AuxModel.swift */ = {isa = PBXFileReference; lastKnownFileType = sourcecode.swift; path = AuxModel.swift; sourceTree = "<group>"; };
/* End PBXFileReference section */

/* Begin PBXFrameworksBuildPhase section */
		233F71C11FB946CE00CA42C2 /* Frameworks */ = {
			isa = PBXFrameworksBuildPhase;
			buildActionMask = 2147483647;
			files = (
			);
			runOnlyForDeploymentPostprocessing = 0;
		};
/* End PBXFrameworksBuildPhase section */

/* Begin PBXGroup section */
		233F71BB1FB946CE00CA42C2 = {
			isa = PBXGroup;
			children = (
				233F71C61FB946CE00CA42C2 /* Santa2048IOS */,
				233F71C51FB946CE00CA42C2 /* Products */,
			);
			sourceTree = "<group>";
		};
		233F71C51FB946CE00CA42C2 /* Products */ = {
			isa = PBXGroup;
			children = (
				233F71C41FB946CE00CA42C2 /* Santa2048IOS.app */,
			);
			name = Products;
			sourceTree = "<group>";
		};
		233F71C61FB946CE00CA42C2 /* Santa2048IOS */ = {
			isa = PBXGroup;
			children = (
				233F71E81FB94B4600CA42C2 /* Views */,
				233F71EB1FB94BDB00CA42C2 /* Assets */,
				233F71EA1FB94B8100CA42C2 /* Game */,
				233F71E91FB94B6300CA42C2 /* Models */,
				233F71D31FB946CE00CA42C2 /* Info.plist */,
			);
			path = Santa2048IOS;
			sourceTree = "<group>";
		};
		233F71E81FB94B4600CA42C2 /* Views */ = {
			isa = PBXGroup;
			children = (
				233F71E11FB94A5B00CA42C2 /* Accessory.swift */,
				233F71DD1FB94A3B00CA42C2 /* Board.swift */,
				233F71DF1FB94A4A00CA42C2 /* Tile.swift */,
			);
			path = Views;
			sourceTree = "<group>";
		};
		233F71E91FB94B6300CA42C2 /* Models */ = {
			isa = PBXGroup;
			children = (
				233F71E51FB94AAD00CA42C2 /* AuxModel.swift */,
				233F71E31FB94A9C00CA42C2 /* GameModel.swift */,
			);
			path = Models;
			sourceTree = "<group>";
		};
		233F71EA1FB94B8100CA42C2 /* Game */ = {
			isa = PBXGroup;
			children = (
				233F71DB1FB94A0D00CA42C2 /* Appearance.swift */,
				233F71D91FB949BC00CA42C2 /* Game.swift */,
			);
			path = Game;
			sourceTree = "<group>";
		};
		233F71EB1FB94BDB00CA42C2 /* Assets */ = {
			isa = PBXGroup;
			children = (
				233F71C71FB946CE00CA42C2 /* AppDelegate.swift */,
				233F71CB1FB946CE00CA42C2 /* Main.storyboard */,
				233F71C91FB946CE00CA42C2 /* ViewController.swift */,
				233F71CE1FB946CE00CA42C2 /* Assets.xcassets */,
				233F71D01FB946CE00CA42C2 /* LaunchScreen.storyboard */,
			);
			path = Assets;
			sourceTree = "<group>";
		};
/* End PBXGroup section */

/* Begin PBXNativeTarget section */
		233F71C31FB946CE00CA42C2 /* Santa2048IOS */ = {
			isa = PBXNativeTarget;
			buildConfigurationList = 233F71D61FB946CE00CA42C2 /* Build configuration list for PBXNativeTarget "Santa2048IOS" */;
			buildPhases = (
				233F71C01FB946CE00CA42C2 /* Sources */,
				233F71C11FB946CE00CA42C2 /* Frameworks */,
				233F71C21FB946CE00CA42C2 /* Resources */,
			);
			buildRules = (
			);
			dependencies = (
			);
			name = Santa2048IOS;
			productName = Santa2048IOS;
			productReference = 233F71C41FB946CE00CA42C2 /* Santa2048IOS.app */;
			productType = "com.apple.product-type.application";
		};
/* End PBXNativeTarget section */

/* Begin PBXProject section */
		233F71BC1FB946CE00CA42C2 /* Project object */ = {
			isa = PBXProject;
			attributes = {
				LastSwiftUpdateCheck = 0910;
				LastUpgradeCheck = 0910;
				ORGANIZATIONNAME = "Daniel Burgner";
				TargetAttributes = {
					233F71C31FB946CE00CA42C2 = {
						CreatedOnToolsVersion = 9.1;
						ProvisioningStyle = Automatic;
					};
				};
			};
			buildConfigurationList = 233F71BF1FB946CE00CA42C2 /* Build configuration list for PBXProject "Santa2048IOS" */;
			compatibilityVersion = "Xcode 8.0";
			developmentRegion = en;
			hasScannedForEncodings = 0;
			knownRegions = (
				en,
				Base,
			);
			mainGroup = 233F71BB1FB946CE00CA42C2;
			productRefGroup = 233F71C51FB946CE00CA42C2 /* Products */;
			projectDirPath = "";
			projectRoot = "";
			targets = (
				233F71C31FB946CE00CA42C2 /* Santa2048IOS */,
			);
		};
/* End PBXProject section */

/* Begin PBXResourcesBuildPhase section */
		233F71C21FB946CE00CA42C2 /* Resources */ = {
			isa = PBXResourcesBuildPhase;
			buildActionMask = 2147483647;
			files = (
				233F71D21FB946CE00CA42C2 /* LaunchScreen.storyboard in Resources */,
				233F71CF1FB946CE00CA42C2 /* Assets.xcassets in Resources */,
				233F71CD1FB946CE00CA42C2 /* Main.storyboard in Resources */,
			);
			runOnlyForDeploymentPostprocessing = 0;
		};
/* End PBXResourcesBuildPhase section */

/* Begin PBXSourcesBuildPhase section */
		233F71C01FB946CE00CA42C2 /* Sources */ = {
			isa = PBXSourcesBuildPhase;
			buildActionMask = 2147483647;
			files = (
				233F71CA1FB946CE00CA42C2 /* ViewController.swift in Sources */,
				233F71E21FB94A5B00CA42C2 /* Accessory.swift in Sources */,
				233F71DA1FB949BC00CA42C2 /* Game.swift in Sources */,
				233F71E61FB94AAE00CA42C2 /* AuxModel.swift in Sources */,
				233F71DE1FB94A3B00CA42C2 /* Board.swift in Sources */,
				233F71E01FB94A4A00CA42C2 /* Tile.swift in Sources */,
				233F71E41FB94A9C00CA42C2 /* GameModel.swift in Sources */,
				233F71C81FB946CE00CA42C2 /* AppDelegate.swift in Sources */,
				233F71DC1FB94A0D00CA42C2 /* Appearance.swift in Sources */,
			);
			runOnlyForDeploymentPostprocessing = 0;
		};
/* End PBXSourcesBuildPhase section */

/* Begin PBXVariantGroup section */
		233F71CB1FB946CE00CA42C2 /* Main.storyboard */ = {
			isa = PBXVariantGroup;
			children = (
				233F71CC1FB946CE00CA42C2 /* Base */,
			);
			name = Main.storyboard;
			sourceTree = "<group>";
		};
		233F71D01FB946CE00CA42C2 /* LaunchScreen.storyboard */ = {
			isa = PBXVariantGroup;
			children = (
				233F71D11FB946CE00CA42C2 /* Base */,
			);
			name = LaunchScreen.storyboard;
			sourceTree = "<group>";
		};
/* End PBXVariantGroup section */

/* Begin XCBuildConfiguration section */
		233F71D41FB946CE00CA42C2 /* Debug */ = {
			isa = XCBuildConfiguration;
			buildSettings = {
				ALWAYS_SEARCH_USER_PATHS = NO;
				CLANG_ANALYZER_NONNULL = YES;
				CLANG_ANALYZER_NUMBER_OBJECT_CONVERSION = YES_AGGRESSIVE;
				CLANG_CXX_LANGUAGE_STANDARD = "gnu++14";
				CLANG_CXX_LIBRARY = "libc++";
				CLANG_ENABLE_MODULES = YES;
				CLANG_ENABLE_OBJC_ARC = YES;
				CLANG_WARN_BLOCK_CAPTURE_AUTORELEASING = YES;
				CLANG_WARN_BOOL_CONVERSION = YES;
				CLANG_WARN_COMMA = YES;
				CLANG_WARN_CONSTANT_CONVERSION = YES;
				CLANG_WARN_DIRECT_OBJC_ISA_USAGE = YES_ERROR;
				CLANG_WARN_DOCUMENTATION_COMMENTS = YES;
				CLANG_WARN_EMPTY_BODY = YES;
				CLANG_WARN_ENUM_CONVERSION = YES;
				CLANG_WARN_INFINITE_RECURSION = YES;
				CLANG_WARN_INT_CONVERSION = YES;
				CLANG_WARN_NON_LITERAL_NULL_CONVERSION = YES;
				CLANG_WARN_OBJC_LITERAL_CONVERSION = YES;
				CLANG_WARN_OBJC_ROOT_CLASS = YES_ERROR;
				CLANG_WARN_RANGE_LOOP_ANALYSIS = YES;
				CLANG_WARN_STRICT_PROTOTYPES = YES;
				CLANG_WARN_SUSPICIOUS_MOVE = YES;
				CLANG_WARN_UNGUARDED_AVAILABILITY = YES_AGGRESSIVE;
				CLANG_WARN_UNREACHABLE_CODE = YES;
				CLANG_WARN__DUPLICATE_METHOD_MATCH = YES;
				CODE_SIGN_IDENTITY = "iPhone Developer";
				COPY_PHASE_STRIP = NO;
				DEBUG_INFORMATION_FORMAT = dwarf;
				ENABLE_STRICT_OBJC_MSGSEND = YES;
				ENABLE_TESTABILITY = YES;
				GCC_C_LANGUAGE_STANDARD = gnu11;
				GCC_DYNAMIC_NO_PIC = NO;
				GCC_NO_COMMON_BLOCKS = YES;
				GCC_OPTIMIZATION_LEVEL = 0;
				GCC_PREPROCESSOR_DEFINITIONS = (
					"DEBUG=1",
					"$(inherited)",
				);
				GCC_WARN_64_TO_32_BIT_CONVERSION = YES;
				GCC_WARN_ABOUT_RETURN_TYPE = YES_ERROR;
				GCC_WARN_UNDECLARED_SELECTOR = YES;
				GCC_WARN_UNINITIALIZED_AUTOS = YES_AGGRESSIVE;
				GCC_WARN_UNUSED_FUNCTION = YES;
				GCC_WARN_UNUSED_VARIABLE = YES;
				IPHONEOS_DEPLOYMENT_TARGET = 11.1;
				MTL_ENABLE_DEBUG_INFO = YES;
				ONLY_ACTIVE_ARCH = YES;
				SDKROOT = iphoneos;
				SWIFT_ACTIVE_COMPILATION_CONDITIONS = DEBUG;
				SWIFT_OPTIMIZATION_LEVEL = "-Onone";
			};
			name = Debug;
		};
		233F71D51FB946CE00CA42C2 /* Release */ = {
			isa = XCBuildConfiguration;
			buildSettings = {
				ALWAYS_SEARCH_USER_PATHS = NO;
				CLANG_ANALYZER_NONNULL = YES;
				CLANG_ANALYZER_NUMBER_OBJECT_CONVERSION = YES_AGGRESSIVE;
				CLANG_CXX_LANGUAGE_STANDARD = "gnu++14";
				CLANG_CXX_LIBRARY = "libc++";
				CLANG_ENABLE_MODULES = YES;
				CLANG_ENABLE_OBJC_ARC = YES;
				CLANG_WARN_BLOCK_CAPTURE_AUTORELEASING = YES;
				CLANG_WARN_BOOL_CONVERSION = YES;
				CLANG_WARN_COMMA = YES;
				CLANG_WARN_CONSTANT_CONVERSION = YES;
				CLANG_WARN_DIRECT_OBJC_ISA_USAGE = YES_ERROR;
				CLANG_WARN_DOCUMENTATION_COMMENTS = YES;
				CLANG_WARN_EMPTY_BODY = YES;
				CLANG_WARN_ENUM_CONVERSION = YES;
				CLANG_WARN_INFINITE_RECURSION = YES;
				CLANG_WARN_INT_CONVERSION = YES;
				CLANG_WARN_NON_LITERAL_NULL_CONVERSION = YES;
				CLANG_WARN_OBJC_LITERAL_CONVERSION = YES;
				CLANG_WARN_OBJC_ROOT_CLASS = YES_ERROR;
				CLANG_WARN_RANGE_LOOP_ANALYSIS = YES;
				CLANG_WARN_STRICT_PROTOTYPES = YES;
				CLANG_WARN_SUSPICIOUS_MOVE = YES;
				CLANG_WARN_UNGUARDED_AVAILABILITY = YES_AGGRESSIVE;
				CLANG_WARN_UNREACHABLE_CODE = YES;
				CLANG_WARN__DUPLICATE_METHOD_MATCH = YES;
				CODE_SIGN_IDENTITY = "iPhone Developer";
				COPY_PHASE_STRIP = NO;
				DEBUG_INFORMATION_FORMAT = "dwarf-with-dsym";
				ENABLE_NS_ASSERTIONS = NO;
				ENABLE_STRICT_OBJC_MSGSEND = YES;
				GCC_C_LANGUAGE_STANDARD = gnu11;
				GCC_NO_COMMON_BLOCKS = YES;
				GCC_WARN_64_TO_32_BIT_CONVERSION = YES;
				GCC_WARN_ABOUT_RETURN_TYPE = YES_ERROR;
				GCC_WARN_UNDECLARED_SELECTOR = YES;
				GCC_WARN_UNINITIALIZED_AUTOS = YES_AGGRESSIVE;
				GCC_WARN_UNUSED_FUNCTION = YES;
				GCC_WARN_UNUSED_VARIABLE = YES;
				IPHONEOS_DEPLOYMENT_TARGET = 11.1;
				MTL_ENABLE_DEBUG_INFO = NO;
				SDKROOT = iphoneos;
				SWIFT_OPTIMIZATION_LEVEL = "-Owholemodule";
				VALIDATE_PRODUCT = YES;
			};
			name = Release;
		};
		233F71D71FB946CE00CA42C2 /* Debug */ = {
			isa = XCBuildConfiguration;
			buildSettings = {
				ASSETCATALOG_COMPILER_APPICON_NAME = AppIcon;
				CODE_SIGN_STYLE = Automatic;
				DEVELOPMENT_TEAM = JEGM3HZ27P;
				INFOPLIST_FILE = Santa2048IOS/Info.plist;
				LD_RUNPATH_SEARCH_PATHS = "$(inherited) @executable_path/Frameworks";
				PRODUCT_BUNDLE_IDENTIFIER = com.dburgnerjr.Santa2048;
				PRODUCT_NAME = "$(TARGET_NAME)";
				SWIFT_VERSION = 4.0;
				TARGETED_DEVICE_FAMILY = "1,2";
			};
			name = Debug;
		};
		233F71D81FB946CE00CA42C2 /* Release */ = {
			isa = XCBuildConfiguration;
			buildSettings = {
				ASSETCATALOG_COMPILER_APPICON_NAME = AppIcon;
				CODE_SIGN_STYLE = Automatic;
				DEVELOPMENT_TEAM = JEGM3HZ27P;
				INFOPLIST_FILE = Santa2048IOS/Info.plist;
				LD_RUNPATH_SEARCH_PATHS = "$(inherited) @executable_path/Frameworks";
				PRODUCT_BUNDLE_IDENTIFIER = com.dburgnerjr.Santa2048;
				PRODUCT_NAME = "$(TARGET_NAME)";
				SWIFT_VERSION = 4.0;
				TARGETED_DEVICE_FAMILY = "1,2";
			};
			name = Release;
		};
/* End XCBuildConfiguration section */

/* Begin XCConfigurationList section */
		233F71BF1FB946CE00CA42C2 /* Build configuration list for PBXProject "Santa2048IOS" */ = {
			isa = XCConfigurationList;
			buildConfigurations = (
				233F71D41FB946CE00CA42C2 /* Debug */,
				233F71D51FB946CE00CA42C2 /* Release */,
			);
			defaultConfigurationIsVisible = 0;
			defaultConfigurationName = Release;
		};
		233F71D61FB946CE00CA42C2 /* Build configuration list for PBXNativeTarget "Santa2048IOS" */ = {
			isa = XCConfigurationList;
			buildConfigurations = (
				233F71D71FB946CE00CA42C2 /* Debug */,
				233F71D81FB946CE00CA42C2 /* Release */,
			);
			defaultConfigurationIsVisible = 0;
			defaultConfigurationName = Release;
		};
/* End XCConfigurationList section */
	};
	rootObject = 233F71BC1FB946CE00CA42C2 /* Project object */;
}
